
Microsoft Visual Studio Solution File, Format Version 12.00
# Visual Studio Version 17
VisualStudioVersion = 17.4.33213.308
MinimumVisualStudioVersion = 10.0.40219.1
Project("{FAE04EC0-301F-11D3-BF4B-00C04F79EFBC}") = "FindMaximumNumber", "FindMaximumNumber\FindMaximumNumber.csproj", "{C72C0D01-B80C-4859-897E-736B3E8ECF7F}"
EndProject
Global
	GlobalSection(SolutionConfigurationPlatforms) = preSolution
		Debug|Any CPU = Debug|Any CPU
		Release|Any CPU = Release|Any CPU
	EndGlobalSection
	GlobalSection(ProjectConfigurationPlatforms) = postSolution
		{C72C0D01-B80C-4859-897E-736B3E8ECF7F}.Debug|Any CPU.ActiveCfg = Debug|Any CPU
		{C72C0D01-B80C-4859-897E-736B3E8ECF7F}.Debug|Any CPU.Build.0 = Debug|Any CPU
		{C72C0D01-B80C-4859-897E-736B3E8ECF7F}.Release|Any CPU.ActiveCfg = Release|Any CPU
		{C72C0D01-B80C-4859-897E-736B3E8ECF7F}.Release|Any CPU.Build.0 = Release|Any CPU
	EndGlobalSection
	GlobalSection(SolutionProperties) = preSolution
		HideSolutionNode = FALSE
	EndGlobalSection
	GlobalSection(ExtensibilityGlobals) = postSolution
		SolutionGuid = {6C53B752-DB4C-4C0D-A3C5-6C8E85E11706}
	EndGlobalSection
EndGlobal
